{
  "nodes": {
    "nixpkgs": {
      "locked": {
        "lastModified": 1749369410,
        "narHash": "sha256-P1eYm8bewiyWg3QaPCHrOp6iWg/7ESi/aGHT4yilyNo=",
        "owner": "nixos",
        "repo": "nixpkgs",
        "rev": "8207ad0d501dd3590e0e81a7c56b386a5c4342c9",
        "type": "github"
      },
      "original": {
        "owner": "nixos",
        "ref": "nixpkgs-unstable",
        "repo": "nixpkgs",
        "type": "github"
      }
    },
    "root": {
      "inputs": {
        "nixpkgs": "nixpkgs",
        "rust-overlay": "rust-overlay"
      }
    },
    "rust-overlay": {
      "inputs": {
        "nixpkgs": [
          "nixpkgs"
        ]
      },
      "locked": {
        "lastModified": 1749350575,
        "narHash": "sha256-ltLegOYrp69v/7BXlNfSwUPrt2DvF7N668pV4a6rWRA=",
        "owner": "oxalica",
        "repo": "rust-overlay",
        "rev": "24d5806474b0779d373f381f00d75ad51fd45099",
        "type": "github"
      },
      "original": {
        "owner": "oxalica",
        "repo": "rust-overlay",
        "type": "github"
      }
    }
  },
  "root": "root",
  "version": 7
}
